schema: '2.0'
stages:
  ingest:
    cmd: python -m policylens.ingest.run
    deps:
    - path: data/raw
      hash: md5
      md5: 84c4a0c57499e23d8437aa387277437b.dir
      size: 22824824
      nfiles: 18
    - path: src/policylens/ingest
      hash: md5
      md5: 7c8493b113317947548e4aff99108a17.dir
      size: 12882
      nfiles: 8
    - path: src/policylens/validate/schemas.py
      hash: md5
      md5: e14592b2516444920f00e0ef1a82fe2f
      size: 2777
    outs:
    - path: data/interim/ingest_manifest.json
      hash: md5
      md5: f95cea21be8199d60d509cbc67e827b7
      size: 3064
    - path: data/interim/raw_prices.parquet
      hash: md5
      md5: 486c84cfdf1bef511df54d7678da1d8c
      size: 15456401
  clean:
    cmd: python -m policylens.transform.run
    deps:
    - path: data/interim/raw_prices.parquet
      hash: md5
      md5: 486c84cfdf1bef511df54d7678da1d8c
      size: 15456401
    - path: src/policylens/transform
      hash: md5
      md5: e6f7f385c92f77f1771d77ce5ee539de.dir
      size: 18704
      nfiles: 10
    - path: src/policylens/validate/schemas.py
      hash: md5
      md5: e14592b2516444920f00e0ef1a82fe2f
      size: 2777
    outs:
    - path: data/interim/clean_prices_long.parquet
      hash: md5
      md5: ad68f2c5f6cb14ecd2a0be58cbf11d21
      size: 25023822
    - path: data/interim/data_quality_report.json
      hash: md5
      md5: 2bcce49c1771d467920947d37d36c080
      size: 10235
    - path: data/processed/prices_wide.parquet
      hash: md5
      md5: 15e6726002b1a4e662311a4559502634
      size: 19009518
  warehouse:
    cmd: python -m policylens.warehouse.run
    deps:
    - path: data/processed/prices_wide.parquet
      hash: md5
      md5: 15e6726002b1a4e662311a4559502634
      size: 19009518
    - path: src/policylens/warehouse
      hash: md5
      md5: 728783af0ef07e35a0adaf24439b7bf5.dir
      size: 8895
      nfiles: 6
    outs:
    - path: data/processed/policylens.duckdb
      hash: md5
      md5: c20272dc19324cccdde82ef17cc8c922
      size: 35926016
  analysis:
    cmd: python -m policylens.analysis.run
    deps:
    - path: data/interim/clean_prices_long.parquet
      hash: md5
      md5: ad68f2c5f6cb14ecd2a0be58cbf11d21
      size: 25023822
    - path: data/processed/prices_wide.parquet
      hash: md5
      md5: 15e6726002b1a4e662311a4559502634
      size: 19009518
    - path: src/policylens/analysis
      hash: md5
      md5: 24ba6db735d51fc801454f49b523bacb.dir
      size: 50678
      nfiles: 14
    outs:
    - path: reports/figures/margin_by_commodity.png
      hash: md5
      md5: 8d2ab35f5d8706126051026e2565096a
      size: 70322
    - path: reports/figures/margin_by_state.png
      hash: md5
      md5: b47b76afad6ba7b3ce00f04a997a0ccb
      size: 113888
    - path: reports/figures/retail_vs_wholesale.png
      hash: md5
      md5: 397d781f11c5f3f0cfe4a0c2903c534a
      size: 108838
    - path: reports/results.json
      hash: md5
      md5: b5e580dc24f8b35009d40d5a37e3e588
      size: 41366
  brief:
    cmd: python -m policylens.report.render_brief
    deps:
    - path: brief/policy_brief.md
      hash: md5
      md5: c03d1b741779c0f089fb7af3dfd1d882
      size: 5785
    - path: reports/results.json
      hash: md5
      md5: b5e580dc24f8b35009d40d5a37e3e588
      size: 41366
    - path: src/policylens/report
      hash: md5
      md5: de0ec6bc0aeebb1df1d0324ba0bc1ba3.dir
      size: 15836
      nfiles: 8
    outs:
    - path: brief/policy_brief.html
      hash: md5
      md5: 4ba66590085b7a7061da938cc076cd80
      size: 7327
    - path: brief/policy_brief.pdf
      hash: md5
      md5: b886f32295b92e8584976efb3d98dc11
      size: 126794
